# Generated by pub
# See https://dart.dev/tools/pub/glossary#lockfile
packages:
  complex:
    dependency: "direct main"
    description:
      name: complex
      sha256: dba084899c0a4bd2fcba9a36760409171d7bee7c35a749cc4451348270361325
      url: "https://pub.dev"
    source: hosted
    version: "0.7.2"
  csv:
    dependency: "direct main"
    description:
      name: csv
      sha256: "63ed2871dd6471193dffc52c0e6c76fb86269c00244d244297abbb355c84a86e"
      url: "https://pub.dev"
    source: hosted
    version: "5.1.1"
  lints:
    dependency: "direct dev"
    description:
      name: lints
      sha256: a2c3d198cb5ea2e179926622d433331d8b58374ab8f29cdda6e863bd62fd369c
      url: "https://pub.dev"
    source: hosted
    version: "1.0.1"
sdks:
  dart: ">=2.15.1 <4.0.0"
